
Microsoft Visual Studio Solution File, Format Version 12.00
# Visual Studio Version 17
VisualStudioVersion = 17.0.32112.339
MinimumVisualStudioVersion = 10.0.40219.1
Project("{9A19103F-16F7-4668-BE54-9A1E7A4F7556}") = "A2v10.Data.Core", "A2v10.Data\A2v10.Data.Core.csproj", "{E2D3643C-E10C-459B-86E3-CD27003BDC21}"
EndProject
Project("{9A19103F-16F7-4668-BE54-9A1E7A4F7556}") = "A2v10.Data.Interfaces", "A2v10.Data.Interfaces\A2v10.Data.Interfaces.csproj", "{17B29B7F-3A41-411F-81E7-626472A8F4B7}"
EndProject
Project("{9A19103F-16F7-4668-BE54-9A1E7A4F7556}") = "A2v10.Data.Tests", "A2v10.Data.Tests\A2v10.Data.Tests.csproj", "{467CD381-E556-43A2-85CE-E0BE642B6B9D}"
EndProject
Project("{9A19103F-16F7-4668-BE54-9A1E7A4F7556}") = "A2v10.Data.Providers", "A2v10.Data.Providers\A2v10.Data.Providers.csproj", "{24CEE000-88B2-4D61-A30B-F8FA19D4859B}"
EndProject
Project("{2150E333-8FDC-42A3-9474-1A3956D46DE8}") = "Solution Items", "Solution Items", "{11D40AC2-D497-4DAE-A230-446A116179EA}"
	ProjectSection(SolutionItems) = preProject
		.editorconfig = .editorconfig
		LICENSE = LICENSE
	EndProjectSection
EndProject
Global
	GlobalSection(SolutionConfigurationPlatforms) = preSolution
		Debug|Any CPU = Debug|Any CPU
		Release|Any CPU = Release|Any CPU
	EndGlobalSection
	GlobalSection(ProjectConfigurationPlatforms) = postSolution
		{E2D3643C-E10C-459B-86E3-CD27003BDC21}.Debug|Any CPU.ActiveCfg = Debug|Any CPU
		{E2D3643C-E10C-459B-86E3-CD27003BDC21}.Debug|Any CPU.Build.0 = Debug|Any CPU
		{E2D3643C-E10C-459B-86E3-CD27003BDC21}.Release|Any CPU.ActiveCfg = Release|Any CPU
		{E2D3643C-E10C-459B-86E3-CD27003BDC21}.Release|Any CPU.Build.0 = Release|Any CPU
		{17B29B7F-3A41-411F-81E7-626472A8F4B7}.Debug|Any CPU.ActiveCfg = Debug|Any CPU
		{17B29B7F-3A41-411F-81E7-626472A8F4B7}.Debug|Any CPU.Build.0 = Debug|Any CPU
		{17B29B7F-3A41-411F-81E7-626472A8F4B7}.Release|Any CPU.ActiveCfg = Release|Any CPU
		{17B29B7F-3A41-411F-81E7-626472A8F4B7}.Release|Any CPU.Build.0 = Release|Any CPU
		{467CD381-E556-43A2-85CE-E0BE642B6B9D}.Debug|Any CPU.ActiveCfg = Debug|Any CPU
		{467CD381-E556-43A2-85CE-E0BE642B6B9D}.Debug|Any CPU.Build.0 = Debug|Any CPU
		{467CD381-E556-43A2-85CE-E0BE642B6B9D}.Release|Any CPU.ActiveCfg = Release|Any CPU
		{467CD381-E556-43A2-85CE-E0BE642B6B9D}.Release|Any CPU.Build.0 = Release|Any CPU
		{24CEE000-88B2-4D61-A30B-F8FA19D4859B}.Debug|Any CPU.ActiveCfg = Debug|Any CPU
		{24CEE000-88B2-4D61-A30B-F8FA19D4859B}.Debug|Any CPU.Build.0 = Debug|Any CPU
		{24CEE000-88B2-4D61-A30B-F8FA19D4859B}.Release|Any CPU.ActiveCfg = Release|Any CPU
		{24CEE000-88B2-4D61-A30B-F8FA19D4859B}.Release|Any CPU.Build.0 = Release|Any CPU
	EndGlobalSection
	GlobalSection(SolutionProperties) = preSolution
		HideSolutionNode = FALSE
	EndGlobalSection
	GlobalSection(ExtensibilityGlobals) = postSolution
		SolutionGuid = {047284DA-5DB1-4BAA-8020-38B29427141A}
	EndGlobalSection
EndGlobal
